
Microsoft Visual Studio Solution File, Format Version 12.00
# Visual Studio Version 16
VisualStudioVersion = 16.0.30611.23
MinimumVisualStudioVersion = 10.0.40219.1
Project("{FAE04EC0-301F-11D3-BF4B-00C04F79EFBC}") = "Patients", "Patients.csproj", "{868C1473-C0C1-496F-A092-C4CD1CC54314}"
EndProject
Global
	GlobalSection(SolutionConfigurationPlatforms) = preSolution
		Debug|Any CPU = Debug|Any CPU
		Release|Any CPU = Release|Any CPU
	EndGlobalSection
	GlobalSection(ProjectConfigurationPlatforms) = postSolution
		{868C1473-C0C1-496F-A092-C4CD1CC54314}.Debug|Any CPU.ActiveCfg = Debug|Any CPU
		{868C1473-C0C1-496F-A092-C4CD1CC54314}.Debug|Any CPU.Build.0 = Debug|Any CPU
		{868C1473-C0C1-496F-A092-C4CD1CC54314}.Release|Any CPU.ActiveCfg = Release|Any CPU
		{868C1473-C0C1-496F-A092-C4CD1CC54314}.Release|Any CPU.Build.0 = Release|Any CPU
	EndGlobalSection
	GlobalSection(SolutionProperties) = preSolution
		HideSolutionNode = FALSE
	EndGlobalSection
	GlobalSection(ExtensibilityGlobals) = postSolution
		SolutionGuid = {563328C6-4127-4D20-A752-BB25C97F1398}
	EndGlobalSection
EndGlobal
